
Microsoft Visual Studio Solution File, Format Version 12.00
# Visual Studio Version 17
VisualStudioVersion = 17.13.35825.156 d17.13
MinimumVisualStudioVersion = 10.0.40219.1
Project("{FAE04EC0-301F-11D3-BF4B-00C04F79EFBC}") = "WinFormsApp2", "WinFormsApp2\WinFormsApp2.csproj", "{AA6696AF-7FA6-41A5-BE8E-4ADE920F0327}"
EndProject
Global
	GlobalSection(SolutionConfigurationPlatforms) = preSolution
		Debug|Any CPU = Debug|Any CPU
		Release|Any CPU = Release|Any CPU
	EndGlobalSection
	GlobalSection(ProjectConfigurationPlatforms) = postSolution
		{AA6696AF-7FA6-41A5-BE8E-4ADE920F0327}.Debug|Any CPU.ActiveCfg = Debug|Any CPU
		{AA6696AF-7FA6-41A5-BE8E-4ADE920F0327}.Debug|Any CPU.Build.0 = Debug|Any CPU
		{AA6696AF-7FA6-41A5-BE8E-4ADE920F0327}.Release|Any CPU.ActiveCfg = Release|Any CPU
		{AA6696AF-7FA6-41A5-BE8E-4ADE920F0327}.Release|Any CPU.Build.0 = Release|Any CPU
	EndGlobalSection
	GlobalSection(SolutionProperties) = preSolution
		HideSolutionNode = FALSE
	EndGlobalSection
	GlobalSection(ExtensibilityGlobals) = postSolution
		SolutionGuid = {4642C913-7D84-4EA7-B1C3-8F468A6DE693}
	EndGlobalSection
EndGlobal
